{
  "name": "thesystem.at",
  "version": "0.0.1",
  "lockfileVersion": 1,
  "requires": true,
  "dependencies": {
    "@grundstein/commons": {
      "version": "github:grundstein/commons#dd83965d133647c13573b9c6e2eae9c3dbf3c4a1",
      "from": "github:grundstein/commons",
      "dev": true,
      "requires": {
        "@magic/cli": "0.0.29",
        "@magic/error": "0.0.7",
        "@magic/fs": "0.0.9",
        "@magic/log": "0.1.7",
        "@magic/types": "0.1.13"
      }
    },
    "@grundstein/gss": {
      "version": "github:grundstein/gss#b019c5aa3bb23195d99cf00eb9b565b4f26d4850",
      "from": "github:grundstein/gss",
      "dev": true,
      "requires": {
        "@grundstein/commons": "github:grundstein/commons",
        "@magic/cli": "0.0.29",
        "@magic/mime-types": "0.0.5"
      }
    },
    "@magic/cases": {
      "version": "0.0.3",
      "resolved": "https://registry.npmjs.org/@magic/cases/-/cases-0.0.3.tgz",
      "integrity": "sha512-yXTVY0oZUs23l5EZYHtFgCISrDSo+XI1Pj0vBoIUzuL6ovngxynYbipHPHKqLQCTKGT8XLMhOd6fwWIUp/S7Uw==",
      "dev": true
    },
    "@magic/cli": {
      "version": "0.0.29",
      "resolved": "https://registry.npmjs.org/@magic/cli/-/cli-0.0.29.tgz",
      "integrity": "sha512-pWH1bGa4ENTWSD9p6dzdZsmrwBSxGfODls5xhvwr9uskE0EA+2Z4L2ugweTF3C4JVbH6/oVFq46e+eDsnOZ7zg==",
      "dev": true,
      "requires": {
        "@magic/cases": "0.0.3",
        "@magic/log": "0.1.6",
        "@magic/types": "0.1.13"
      },
      "dependencies": {
        "@magic/log": {
          "version": "0.1.6",
          "resolved": "https://registry.npmjs.org/@magic/log/-/log-0.1.6.tgz",
          "integrity": "sha512-U/PUSfaiJHl4GZFjEOoDwBdwkuZLMSJpNN5S9M40sKli+5ZkqSULkdl8jZ81H5VFf0W73fYLoliFU4oj7fIBtg==",
          "dev": true,
          "requires": {
            "@magic/types": "0.1.13"
          }
        }
      }
    },
    "@magic/deep": {
      "version": "0.1.4",
      "resolved": "https://registry.npmjs.org/@magic/deep/-/deep-0.1.4.tgz",
      "integrity": "sha512-AQ+thATYSQfSD6Jt3Eg+7LUsMVX2vcXAVZQiUVn1f0W9Ttzt/fn4DYM8Hod3KKLdn9LHVE7JLoMdwSBSoOrjlA==",
      "dev": true,
      "requires": {
        "@magic/types": "0.1.13"
      }
    },
    "@magic/error": {
      "version": "0.0.7",
      "resolved": "https://registry.npmjs.org/@magic/error/-/error-0.0.7.tgz",
      "integrity": "sha512-eroMQS1zVZuyYegKwkgwAQfaJfbfNPf8WGOJjmY2AGRgu4r81m6//1TvBGIZ+Uj9XX768nztwVkUI6cJIUl4Wg==",
      "dev": true,
      "requires": {
        "@magic/types": "0.1.13"
      }
    },
    "@magic/fs": {
      "version": "0.0.8",
      "resolved": "https://registry.npmjs.org/@magic/fs/-/fs-0.0.8.tgz",
      "integrity": "sha512-LppYECc6kvMPGzP1l2nIVD+Qa1KRgT5ZV4Qf/V9GpvfP047sMwu9H92UMXyIbzz1mmS+GFZJt0Cw5rXhrNLh5Q==",
      "dev": true,
      "requires": {
        "@magic/deep": "0.1.4",
        "@magic/error": "0.0.7",
        "@magic/mime-types": "0.0.4",
        "@magic/types": "0.1.13"
      }
    },
    "@magic/log": {
      "version": "0.1.7",
      "resolved": "https://registry.npmjs.org/@magic/log/-/log-0.1.7.tgz",
      "integrity": "sha512-ENCimv/MzOldKyKSxDMdKcr2bvl8pr/9awVCXo1StWBxz01jfaixIDE1ht1oiWbIvQ7MXQp2fdWGCJhYxQXgvA==",
      "dev": true,
      "requires": {
        "@magic/types": "0.1.13"
      }
    },
    "@magic/mime-types": {
      "version": "0.0.4",
      "resolved": "https://registry.npmjs.org/@magic/mime-types/-/mime-types-0.0.4.tgz",
      "integrity": "sha512-fYBNspGgrwGPg3DTjqq8yBGBn6fAvxQUwprrdkv/jUFCNQ5CsORuu2J+XomtKZDlaafK0l3PJXXOVAYbpIkCpQ==",
      "dev": true
    },
    "@magic/types": {
      "version": "0.1.13",
      "resolved": "https://registry.npmjs.org/@magic/types/-/types-0.1.13.tgz",
      "integrity": "sha512-q1Cs8qXWs6+3Qp2jgBYiWIx554ZrOY5E6EEsn2I0RcZXVk/XUiUJDvQR1drMTc7skvDBjIIdTJfX6tDOPOSIWw==",
      "dev": true
    }
  }
}
